// !$*UTF8*$!
{
	archiveVersion = 1;
	classes = {
	};
	objectVersion = 50;
	objects = {

/* Begin PBXBuildFile section */
		DB02711620B80D400000F99A /* AppDelegate.swift in Sources */ = {isa = PBXBuildFile; fileRef = DB02711520B80D400000F99A /* AppDelegate.swift */; };
		DB02711820B80D400000F99A /* FirstPageViewController.swift in Sources */ = {isa = PBXBuildFile; fileRef = DB02711720B80D400000F99A /* FirstPageViewController.swift */; };
		DB02711B20B80D400000F99A /* Main.storyboard in Resources */ = {isa = PBXBuildFile; fileRef = DB02711920B80D400000F99A /* Main.storyboard */; };
		DB02711D20B80D410000F99A /* Assets.xcassets in Resources */ = {isa = PBXBuildFile; fileRef = DB02711C20B80D410000F99A /* Assets.xcassets */; };
		DB02712020B80D410000F99A /* LaunchScreen.storyboard in Resources */ = {isa = PBXBuildFile; fileRef = DB02711E20B80D410000F99A /* LaunchScreen.storyboard */; };
		DB02712D20B81D8D0000F99A /* ProfileViewController.swift in Sources */ = {isa = PBXBuildFile; fileRef = DB02712C20B81D8D0000F99A /* ProfileViewController.swift */; };
		DB02712F20B837CD0000F99A /* IntroPageViewController.swift in Sources */ = {isa = PBXBuildFile; fileRef = DB02712E20B837CD0000F99A /* IntroPageViewController.swift */; };
		DB02713120B838E10000F99A /* SecondPageViewController.swift in Sources */ = {isa = PBXBuildFile; fileRef = DB02713020B838E10000F99A /* SecondPageViewController.swift */; };
		DB02713320B839900000F99A /* UIStoryboard.swift in Sources */ = {isa = PBXBuildFile; fileRef = DB02713220B839900000F99A /* UIStoryboard.swift */; };
		DB02713520B83A060000F99A /* Common.swift in Sources */ = {isa = PBXBuildFile; fileRef = DB02713420B83A060000F99A /* Common.swift */; };
		DB02713720B954BD0000F99A /* IntroViewController.swift in Sources */ = {isa = PBXBuildFile; fileRef = DB02713620B954BD0000F99A /* IntroViewController.swift */; };
		DB02713B20BA41E00000F99A /* UITableView.swift in Sources */ = {isa = PBXBuildFile; fileRef = DB02713A20BA41E00000F99A /* UITableView.swift */; };
		DB02713D20BA41F00000F99A /* UICollectionView.swift in Sources */ = {isa = PBXBuildFile; fileRef = DB02713C20BA41F00000F99A /* UICollectionView.swift */; };
/* End PBXBuildFile section */

/* Begin PBXFileReference section */
		DB02711220B80D400000F99A /* Resume.app */ = {isa = PBXFileReference; explicitFileType = wrapper.application; includeInIndex = 0; path = Resume.app; sourceTree = BUILT_PRODUCTS_DIR; };
		DB02711520B80D400000F99A /* AppDelegate.swift */ = {isa = PBXFileReference; lastKnownFileType = sourcecode.swift; path = AppDelegate.swift; sourceTree = "<group>"; };
		DB02711720B80D400000F99A /* FirstPageViewController.swift */ = {isa = PBXFileReference; lastKnownFileType = sourcecode.swift; path = FirstPageViewController.swift; sourceTree = "<group>"; };
		DB02711A20B80D400000F99A /* Base */ = {isa = PBXFileReference; lastKnownFileType = file.storyboard; name = Base; path = Base.lproj/Main.storyboard; sourceTree = "<group>"; };
		DB02711C20B80D410000F99A /* Assets.xcassets */ = {isa = PBXFileReference; lastKnownFileType = folder.assetcatalog; path = Assets.xcassets; sourceTree = "<group>"; };
		DB02711F20B80D410000F99A /* Base */ = {isa = PBXFileReference; lastKnownFileType = file.storyboard; name = Base; path = Base.lproj/LaunchScreen.storyboard; sourceTree = "<group>"; };
		DB02712120B80D410000F99A /* Info.plist */ = {isa = PBXFileReference; lastKnownFileType = text.plist.xml; path = Info.plist; sourceTree = "<group>"; };
		DB02712C20B81D8D0000F99A /* ProfileViewController.swift */ = {isa = PBXFileReference; lastKnownFileType = sourcecode.swift; path = ProfileViewController.swift; sourceTree = "<group>"; };
		DB02712E20B837CD0000F99A /* IntroPageViewController.swift */ = {isa = PBXFileReference; lastKnownFileType = sourcecode.swift; path = IntroPageViewController.swift; sourceTree = "<group>"; };
		DB02713020B838E10000F99A /* SecondPageViewController.swift */ = {isa = PBXFileReference; lastKnownFileType = sourcecode.swift; path = SecondPageViewController.swift; sourceTree = "<group>"; };
		DB02713220B839900000F99A /* UIStoryboard.swift */ = {isa = PBXFileReference; lastKnownFileType = sourcecode.swift; path = UIStoryboard.swift; sourceTree = "<group>"; };
		DB02713420B83A060000F99A /* Common.swift */ = {isa = PBXFileReference; lastKnownFileType = sourcecode.swift; path = Common.swift; sourceTree = "<group>"; };
		DB02713620B954BD0000F99A /* IntroViewController.swift */ = {isa = PBXFileReference; lastKnownFileType = sourcecode.swift; path = IntroViewController.swift; sourceTree = "<group>"; };
		DB02713A20BA41E00000F99A /* UITableView.swift */ = {isa = PBXFileReference; lastKnownFileType = sourcecode.swift; path = UITableView.swift; sourceTree = "<group>"; };
		DB02713C20BA41F00000F99A /* UICollectionView.swift */ = {isa = PBXFileReference; lastKnownFileType = sourcecode.swift; path = UICollectionView.swift; sourceTree = "<group>"; };
/* End PBXFileReference section */

/* Begin PBXFrameworksBuildPhase section */
		DB02710F20B80D400000F99A /* Frameworks */ = {
			isa = PBXFrameworksBuildPhase;
			buildActionMask = 2147483647;
			files = (
			);
			runOnlyForDeploymentPostprocessing = 0;
		};
/* End PBXFrameworksBuildPhase section */

/* Begin PBXGroup section */
		DB02710920B80D400000F99A = {
			isa = PBXGroup;
			children = (
				DB02711420B80D400000F99A /* Resume */,
				DB02711320B80D400000F99A /* Products */,
			);
			sourceTree = "<group>";
		};
		DB02711320B80D400000F99A /* Products */ = {
			isa = PBXGroup;
			children = (
				DB02711220B80D400000F99A /* Resume.app */,
			);
			name = Products;
			sourceTree = "<group>";
		};
		DB02711420B80D400000F99A /* Resume */ = {
			isa = PBXGroup;
			children = (
				DB02711520B80D400000F99A /* AppDelegate.swift */,
				DB02712B20B80DD20000F99A /* Firebase */,
				DB02712A20B80DC50000F99A /* Helper */,
				DB02712920B80DC00000F99A /* Extension */,
				DB02712720B80DAF0000F99A /* Controller */,
				DB02712820B80DB50000F99A /* View */,
				DB02711920B80D400000F99A /* Main.storyboard */,
				DB02711C20B80D410000F99A /* Assets.xcassets */,
				DB02711E20B80D410000F99A /* LaunchScreen.storyboard */,
				DB02712120B80D410000F99A /* Info.plist */,
			);
			path = Resume;
			sourceTree = "<group>";
		};
		DB02712720B80DAF0000F99A /* Controller */ = {
			isa = PBXGroup;
			children = (
				DB02713620B954BD0000F99A /* IntroViewController.swift */,
				DB02712E20B837CD0000F99A /* IntroPageViewController.swift */,
				DB02711720B80D400000F99A /* FirstPageViewController.swift */,
				DB02713020B838E10000F99A /* SecondPageViewController.swift */,
				DB02712C20B81D8D0000F99A /* ProfileViewController.swift */,
			);
			path = Controller;
			sourceTree = "<group>";
		};
		DB02712820B80DB50000F99A /* View */ = {
			isa = PBXGroup;
			children = (
			);
			path = View;
			sourceTree = "<group>";
		};
		DB02712920B80DC00000F99A /* Extension */ = {
			isa = PBXGroup;
			children = (
				DB02713420B83A060000F99A /* Common.swift */,
				DB02713220B839900000F99A /* UIStoryboard.swift */,
				DB02713A20BA41E00000F99A /* UITableView.swift */,
				DB02713C20BA41F00000F99A /* UICollectionView.swift */,
			);
			path = Extension;
			sourceTree = "<group>";
		};
		DB02712A20B80DC50000F99A /* Helper */ = {
			isa = PBXGroup;
			children = (
			);
			path = Helper;
			sourceTree = "<group>";
		};
		DB02712B20B80DD20000F99A /* Firebase */ = {
			isa = PBXGroup;
			children = (
			);
			path = Firebase;
			sourceTree = "<group>";
		};
/* End PBXGroup section */

/* Begin PBXNativeTarget section */
		DB02711120B80D400000F99A /* Resume */ = {
			isa = PBXNativeTarget;
			buildConfigurationList = DB02712420B80D410000F99A /* Build configuration list for PBXNativeTarget "Resume" */;
			buildPhases = (
				DB02710E20B80D400000F99A /* Sources */,
				DB02710F20B80D400000F99A /* Frameworks */,
				DB02711020B80D400000F99A /* Resources */,
			);
			buildRules = (
			);
			dependencies = (
			);
			name = Resume;
			productName = Resume;
			productReference = DB02711220B80D400000F99A /* Resume.app */;
			productType = "com.apple.product-type.application";
		};
/* End PBXNativeTarget section */

/* Begin PBXProject section */
		DB02710A20B80D400000F99A /* Project object */ = {
			isa = PBXProject;
			attributes = {
				LastSwiftUpdateCheck = 0930;
				LastUpgradeCheck = 0930;
				ORGANIZATIONNAME = Hexcon;
				TargetAttributes = {
					DB02711120B80D400000F99A = {
						CreatedOnToolsVersion = 9.3.1;
					};
				};
			};
			buildConfigurationList = DB02710D20B80D400000F99A /* Build configuration list for PBXProject "Resume" */;
			compatibilityVersion = "Xcode 9.3";
			developmentRegion = en;
			hasScannedForEncodings = 0;
			knownRegions = (
				en,
				Base,
			);
			mainGroup = DB02710920B80D400000F99A;
			productRefGroup = DB02711320B80D400000F99A /* Products */;
			projectDirPath = "";
			projectRoot = "";
			targets = (
				DB02711120B80D400000F99A /* Resume */,
			);
		};
/* End PBXProject section */

/* Begin PBXResourcesBuildPhase section */
		DB02711020B80D400000F99A /* Resources */ = {
			isa = PBXResourcesBuildPhase;
			buildActionMask = 2147483647;
			files = (
				DB02712020B80D410000F99A /* LaunchScreen.storyboard in Resources */,
				DB02711D20B80D410000F99A /* Assets.xcassets in Resources */,
				DB02711B20B80D400000F99A /* Main.storyboard in Resources */,
			);
			runOnlyForDeploymentPostprocessing = 0;
		};
/* End PBXResourcesBuildPhase section */

/* Begin PBXSourcesBuildPhase section */
		DB02710E20B80D400000F99A /* Sources */ = {
			isa = PBXSourcesBuildPhase;
			buildActionMask = 2147483647;
			files = (
				DB02713D20BA41F00000F99A /* UICollectionView.swift in Sources */,
				DB02713320B839900000F99A /* UIStoryboard.swift in Sources */,
				DB02712D20B81D8D0000F99A /* ProfileViewController.swift in Sources */,
				DB02711820B80D400000F99A /* FirstPageViewController.swift in Sources */,
				DB02711620B80D400000F99A /* AppDelegate.swift in Sources */,
				DB02712F20B837CD0000F99A /* IntroPageViewController.swift in Sources */,
				DB02713B20BA41E00000F99A /* UITableView.swift in Sources */,
				DB02713120B838E10000F99A /* SecondPageViewController.swift in Sources */,
				DB02713520B83A060000F99A /* Common.swift in Sources */,
				DB02713720B954BD0000F99A /* IntroViewController.swift in Sources */,
			);
			runOnlyForDeploymentPostprocessing = 0;
		};
/* End PBXSourcesBuildPhase section */

/* Begin PBXVariantGroup section */
		DB02711920B80D400000F99A /* Main.storyboard */ = {
			isa = PBXVariantGroup;
			children = (
				DB02711A20B80D400000F99A /* Base */,
			);
			name = Main.storyboard;
			sourceTree = "<group>";
		};
		DB02711E20B80D410000F99A /* LaunchScreen.storyboard */ = {
			isa = PBXVariantGroup;
			children = (
				DB02711F20B80D410000F99A /* Base */,
			);
			name = LaunchScreen.storyboard;
			sourceTree = "<group>";
		};
/* End PBXVariantGroup section */

/* Begin XCBuildConfiguration section */
		DB02712220B80D410000F99A /* Debug */ = {
			isa = XCBuildConfiguration;
			buildSettings = {
				ALWAYS_SEARCH_USER_PATHS = NO;
				CLANG_ANALYZER_NONNULL = YES;
				CLANG_ANALYZER_NUMBER_OBJECT_CONVERSION = YES_AGGRESSIVE;
				CLANG_CXX_LANGUAGE_STANDARD = "gnu++14";
				CLANG_CXX_LIBRARY = "libc++";
				CLANG_ENABLE_MODULES = YES;
				CLANG_ENABLE_OBJC_ARC = YES;
				CLANG_ENABLE_OBJC_WEAK = YES;
				CLANG_WARN_BLOCK_CAPTURE_AUTORELEASING = YES;
				CLANG_WARN_BOOL_CONVERSION = YES;
				CLANG_WARN_COMMA = YES;
				CLANG_WARN_CONSTANT_CONVERSION = YES;
				CLANG_WARN_DEPRECATED_OBJC_IMPLEMENTATIONS = YES;
				CLANG_WARN_DIRECT_OBJC_ISA_USAGE = YES_ERROR;
				CLANG_WARN_DOCUMENTATION_COMMENTS = YES;
				CLANG_WARN_EMPTY_BODY = YES;
				CLANG_WARN_ENUM_CONVERSION = YES;
				CLANG_WARN_INFINITE_RECURSION = YES;
				CLANG_WARN_INT_CONVERSION = YES;
				CLANG_WARN_NON_LITERAL_NULL_CONVERSION = YES;
				CLANG_WARN_OBJC_IMPLICIT_RETAIN_SELF = YES;
				CLANG_WARN_OBJC_LITERAL_CONVERSION = YES;
				CLANG_WARN_OBJC_ROOT_CLASS = YES_ERROR;
				CLANG_WARN_RANGE_LOOP_ANALYSIS = YES;
				CLANG_WARN_STRICT_PROTOTYPES = YES;
				CLANG_WARN_SUSPICIOUS_MOVE = YES;
				CLANG_WARN_UNGUARDED_AVAILABILITY = YES_AGGRESSIVE;
				CLANG_WARN_UNREACHABLE_CODE = YES;
				CLANG_WARN__DUPLICATE_METHOD_MATCH = YES;
				CODE_SIGN_IDENTITY = "iPhone Developer";
				COPY_PHASE_STRIP = NO;
				DEBUG_INFORMATION_FORMAT = dwarf;
				ENABLE_STRICT_OBJC_MSGSEND = YES;
				ENABLE_TESTABILITY = YES;
				GCC_C_LANGUAGE_STANDARD = gnu11;
				GCC_DYNAMIC_NO_PIC = NO;
				GCC_NO_COMMON_BLOCKS = YES;
				GCC_OPTIMIZATION_LEVEL = 0;
				GCC_PREPROCESSOR_DEFINITIONS = (
					"DEBUG=1",
					"$(inherited)",
				);
				GCC_WARN_64_TO_32_BIT_CONVERSION = YES;
				GCC_WARN_ABOUT_RETURN_TYPE = YES_ERROR;
				GCC_WARN_UNDECLARED_SELECTOR = YES;
				GCC_WARN_UNINITIALIZED_AUTOS = YES_AGGRESSIVE;
				GCC_WARN_UNUSED_FUNCTION = YES;
				GCC_WARN_UNUSED_VARIABLE = YES;
				IPHONEOS_DEPLOYMENT_TARGET = 11.3;
				MTL_ENABLE_DEBUG_INFO = YES;
				ONLY_ACTIVE_ARCH = YES;
				SDKROOT = iphoneos;
				SWIFT_ACTIVE_COMPILATION_CONDITIONS = DEBUG;
				SWIFT_OPTIMIZATION_LEVEL = "-Onone";
			};
			name = Debug;
		};
		DB02712320B80D410000F99A /* Release */ = {
			isa = XCBuildConfiguration;
			buildSettings = {
				ALWAYS_SEARCH_USER_PATHS = NO;
				CLANG_ANALYZER_NONNULL = YES;
				CLANG_ANALYZER_NUMBER_OBJECT_CONVERSION = YES_AGGRESSIVE;
				CLANG_CXX_LANGUAGE_STANDARD = "gnu++14";
				CLANG_CXX_LIBRARY = "libc++";
				CLANG_ENABLE_MODULES = YES;
				CLANG_ENABLE_OBJC_ARC = YES;
				CLANG_ENABLE_OBJC_WEAK = YES;
				CLANG_WARN_BLOCK_CAPTURE_AUTORELEASING = YES;
				CLANG_WARN_BOOL_CONVERSION = YES;
				CLANG_WARN_COMMA = YES;
				CLANG_WARN_CONSTANT_CONVERSION = YES;
				CLANG_WARN_DEPRECATED_OBJC_IMPLEMENTATIONS = YES;
				CLANG_WARN_DIRECT_OBJC_ISA_USAGE = YES_ERROR;
				CLANG_WARN_DOCUMENTATION_COMMENTS = YES;
				CLANG_WARN_EMPTY_BODY = YES;
				CLANG_WARN_ENUM_CONVERSION = YES;
				CLANG_WARN_INFINITE_RECURSION = YES;
				CLANG_WARN_INT_CONVERSION = YES;
				CLANG_WARN_NON_LITERAL_NULL_CONVERSION = YES;
				CLANG_WARN_OBJC_IMPLICIT_RETAIN_SELF = YES;
				CLANG_WARN_OBJC_LITERAL_CONVERSION = YES;
				CLANG_WARN_OBJC_ROOT_CLASS = YES_ERROR;
				CLANG_WARN_RANGE_LOOP_ANALYSIS = YES;
				CLANG_WARN_STRICT_PROTOTYPES = YES;
				CLANG_WARN_SUSPICIOUS_MOVE = YES;
				CLANG_WARN_UNGUARDED_AVAILABILITY = YES_AGGRESSIVE;
				CLANG_WARN_UNREACHABLE_CODE = YES;
				CLANG_WARN__DUPLICATE_METHOD_MATCH = YES;
				CODE_SIGN_IDENTITY = "iPhone Developer";
				COPY_PHASE_STRIP = NO;
				DEBUG_INFORMATION_FORMAT = "dwarf-with-dsym";
				ENABLE_NS_ASSERTIONS = NO;
				ENABLE_STRICT_OBJC_MSGSEND = YES;
				GCC_C_LANGUAGE_STANDARD = gnu11;
				GCC_NO_COMMON_BLOCKS = YES;
				GCC_WARN_64_TO_32_BIT_CONVERSION = YES;
				GCC_WARN_ABOUT_RETURN_TYPE = YES_ERROR;
				GCC_WARN_UNDECLARED_SELECTOR = YES;
				GCC_WARN_UNINITIALIZED_AUTOS = YES_AGGRESSIVE;
				GCC_WARN_UNUSED_FUNCTION = YES;
				GCC_WARN_UNUSED_VARIABLE = YES;
				IPHONEOS_DEPLOYMENT_TARGET = 11.3;
				MTL_ENABLE_DEBUG_INFO = NO;
				SDKROOT = iphoneos;
				SWIFT_COMPILATION_MODE = wholemodule;
				SWIFT_OPTIMIZATION_LEVEL = "-O";
				VALIDATE_PRODUCT = YES;
			};
			name = Release;
		};
		DB02712520B80D410000F99A /* Debug */ = {
			isa = XCBuildConfiguration;
			buildSettings = {
				ASSETCATALOG_COMPILER_APPICON_NAME = AppIcon;
				CODE_SIGN_STYLE = Automatic;
				DEVELOPMENT_TEAM = 64NX5H9B23;
				INFOPLIST_FILE = Resume/Info.plist;
				IPHONEOS_DEPLOYMENT_TARGET = 11.0;
				LD_RUNPATH_SEARCH_PATHS = (
					"$(inherited)",
					"@executable_path/Frameworks",
				);
				PRODUCT_BUNDLE_IDENTIFIER = com.Hexcon.Resume;
				PRODUCT_NAME = "$(TARGET_NAME)";
				SWIFT_VERSION = 4.0;
				TARGETED_DEVICE_FAMILY = 1;
			};
			name = Debug;
		};
		DB02712620B80D410000F99A /* Release */ = {
			isa = XCBuildConfiguration;
			buildSettings = {
				ASSETCATALOG_COMPILER_APPICON_NAME = AppIcon;
				CODE_SIGN_STYLE = Automatic;
				DEVELOPMENT_TEAM = 64NX5H9B23;
				INFOPLIST_FILE = Resume/Info.plist;
				IPHONEOS_DEPLOYMENT_TARGET = 11.0;
				LD_RUNPATH_SEARCH_PATHS = (
					"$(inherited)",
					"@executable_path/Frameworks",
				);
				PRODUCT_BUNDLE_IDENTIFIER = com.Hexcon.Resume;
				PRODUCT_NAME = "$(TARGET_NAME)";
				SWIFT_VERSION = 4.0;
				TARGETED_DEVICE_FAMILY = 1;
			};
			name = Release;
		};
/* End XCBuildConfiguration section */

/* Begin XCConfigurationList section */
		DB02710D20B80D400000F99A /* Build configuration list for PBXProject "Resume" */ = {
			isa = XCConfigurationList;
			buildConfigurations = (
				DB02712220B80D410000F99A /* Debug */,
				DB02712320B80D410000F99A /* Release */,
			);
			defaultConfigurationIsVisible = 0;
			defaultConfigurationName = Release;
		};
		DB02712420B80D410000F99A /* Build configuration list for PBXNativeTarget "Resume" */ = {
			isa = XCConfigurationList;
			buildConfigurations = (
				DB02712520B80D410000F99A /* Debug */,
				DB02712620B80D410000F99A /* Release */,
			);
			defaultConfigurationIsVisible = 0;
			defaultConfigurationName = Release;
		};
/* End XCConfigurationList section */
	};
	rootObject = DB02710A20B80D400000F99A /* Project object */;
}
